// !$*UTF8*$!
{
	archiveVersion = 1;
	classes = {
	};
	objectVersion = 45;
	objects = {

/* Begin PBXBuildFile section */
		1DDD58160DA1D0A300B32029 /* MainMenu.xib in Resources */ = {isa = PBXBuildFile; fileRef = 1DDD58140DA1D0A300B32029 /* MainMenu.xib */; };
		7C3683960F3F7B82009A7B53 /* QTKit.framework in Frameworks */ = {isa = PBXBuildFile; fileRef = 7C3683950F3F7B82009A7B53 /* QTKit.framework */; };
		7C3683C50F3F7F92009A7B53 /* QuickTime.framework in Frameworks */ = {isa = PBXBuildFile; fileRef = 7C3683C40F3F7F92009A7B53 /* QuickTime.framework */; };
		7C9EA6650F3E9F430039BBD3 /* AppController.m in Sources */ = {isa = PBXBuildFile; fileRef = 7C9EA6640F3E9F430039BBD3 /* AppController.m */; };
		7C9EA6780F3EA0810039BBD3 /* FractalView.m in Sources */ = {isa = PBXBuildFile; fileRef = 7C9EA6770F3EA0810039BBD3 /* FractalView.m */; };
		7C9EA67C0F3EA1B50039BBD3 /* Mandelbrot.m in Sources */ = {isa = PBXBuildFile; fileRef = 7C9EA67B0F3EA1B50039BBD3 /* Mandelbrot.m */; };
		8D11072B0486CEB800E47090 /* InfoPlist.strings in Resources */ = {isa = PBXBuildFile; fileRef = 089C165CFE840E0CC02AAC07 /* InfoPlist.strings */; };
		8D11072D0486CEB800E47090 /* main.m in Sources */ = {isa = PBXBuildFile; fileRef = 29B97316FDCFA39411CA2CEA /* main.m */; settings = {ATTRIBUTES = (); }; };
		8D11072F0486CEB800E47090 /* Cocoa.framework in Frameworks */ = {isa = PBXBuildFile; fileRef = 1058C7A1FEA54F0111CA2CBB /* Cocoa.framework */; };
		FC0F31DA0F705EBD00EC65BB /* Mandelbrot Set.icns in Resources */ = {isa = PBXBuildFile; fileRef = FC0F31D90F705EBD00EC65BB /* Mandelbrot Set.icns */; };
		FC103E1A0F46887500C2CBCF /* Progress.xib in Resources */ = {isa = PBXBuildFile; fileRef = FC103E190F46887500C2CBCF /* Progress.xib */; };
		FC103E220F468A3500C2CBCF /* ProgressController.m in Sources */ = {isa = PBXBuildFile; fileRef = FC103E210F468A3500C2CBCF /* ProgressController.m */; };
		FC1084BF0F71876D00FBC131 /* Controls.xib in Resources */ = {isa = PBXBuildFile; fileRef = FC1084BE0F71876D00FBC131 /* Controls.xib */; };
		FC1085160F718AAE00FBC131 /* ControlsController.m in Sources */ = {isa = PBXBuildFile; fileRef = FC1085150F718AAE00FBC131 /* ControlsController.m */; };
		FC9BC8A40F6F7909005EFECE /* JSIndeterminateProgressIndicatorCell.m in Sources */ = {isa = PBXBuildFile; fileRef = FC9BC8A20F6F7909005EFECE /* JSIndeterminateProgressIndicatorCell.m */; };
		FCD26ACF0F46780B0003F51B /* FractalMovie.m in Sources */ = {isa = PBXBuildFile; fileRef = FCD26ACE0F46780B0003F51B /* FractalMovie.m */; };
/* End PBXBuildFile section */

/* Begin PBXFileReference section */
		089C165DFE840E0CC02AAC07 /* English */ = {isa = PBXFileReference; fileEncoding = 10; lastKnownFileType = text.plist.strings; name = English; path = English.lproj/InfoPlist.strings; sourceTree = "<group>"; };
		1058C7A1FEA54F0111CA2CBB /* Cocoa.framework */ = {isa = PBXFileReference; lastKnownFileType = wrapper.framework; name = Cocoa.framework; path = /System/Library/Frameworks/Cocoa.framework; sourceTree = "<absolute>"; };
		13E42FB307B3F0F600E4EEF1 /* CoreData.framework */ = {isa = PBXFileReference; lastKnownFileType = wrapper.framework; name = CoreData.framework; path = /System/Library/Frameworks/CoreData.framework; sourceTree = "<absolute>"; };
		1DDD58150DA1D0A300B32029 /* English */ = {isa = PBXFileReference; lastKnownFileType = file.xib; name = English; path = English.lproj/MainMenu.xib; sourceTree = "<group>"; };
		29B97316FDCFA39411CA2CEA /* main.m */ = {isa = PBXFileReference; fileEncoding = 4; lastKnownFileType = sourcecode.c.objc; path = main.m; sourceTree = "<group>"; };
		29B97324FDCFA39411CA2CEA /* AppKit.framework */ = {isa = PBXFileReference; lastKnownFileType = wrapper.framework; name = AppKit.framework; path = /System/Library/Frameworks/AppKit.framework; sourceTree = "<absolute>"; };
		29B97325FDCFA39411CA2CEA /* Foundation.framework */ = {isa = PBXFileReference; lastKnownFileType = wrapper.framework; name = Foundation.framework; path = /System/Library/Frameworks/Foundation.framework; sourceTree = "<absolute>"; };
		32CA4F630368D1EE00C91783 /* Animated Mandelbrot_Prefix.pch */ = {isa = PBXFileReference; fileEncoding = 4; lastKnownFileType = sourcecode.c.h; path = "Animated Mandelbrot_Prefix.pch"; sourceTree = "<group>"; };
		7C3683950F3F7B82009A7B53 /* QTKit.framework */ = {isa = PBXFileReference; lastKnownFileType = wrapper.framework; name = QTKit.framework; path = /System/Library/Frameworks/QTKit.framework; sourceTree = "<absolute>"; };
		7C3683C40F3F7F92009A7B53 /* QuickTime.framework */ = {isa = PBXFileReference; lastKnownFileType = wrapper.framework; name = QuickTime.framework; path = /System/Library/Frameworks/QuickTime.framework; sourceTree = "<absolute>"; };
		7C9EA6640F3E9F430039BBD3 /* AppController.m */ = {isa = PBXFileReference; fileEncoding = 4; lastKnownFileType = sourcecode.c.objc; path = AppController.m; sourceTree = "<group>"; };
		7C9EA6760F3EA0810039BBD3 /* FractalView.h */ = {isa = PBXFileReference; fileEncoding = 4; lastKnownFileType = sourcecode.c.h; path = FractalView.h; sourceTree = "<group>"; };
		7C9EA6770F3EA0810039BBD3 /* FractalView.m */ = {isa = PBXFileReference; fileEncoding = 4; lastKnownFileType = sourcecode.c.objc; path = FractalView.m; sourceTree = "<group>"; };
		7C9EA67A0F3EA1B50039BBD3 /* Mandelbrot.h */ = {isa = PBXFileReference; fileEncoding = 4; lastKnownFileType = sourcecode.c.h; path = Mandelbrot.h; sourceTree = "<group>"; };
		7C9EA67B0F3EA1B50039BBD3 /* Mandelbrot.m */ = {isa = PBXFileReference; fileEncoding = 4; lastKnownFileType = sourcecode.c.objc; path = Mandelbrot.m; sourceTree = "<group>"; };
		8D1107310486CEB800E47090 /* Info.plist */ = {isa = PBXFileReference; fileEncoding = 4; lastKnownFileType = text.plist.xml; path = Info.plist; sourceTree = "<group>"; };
		8D1107320486CEB800E47090 /* Animated Mandelbrot.app */ = {isa = PBXFileReference; explicitFileType = wrapper.application; includeInIndex = 0; path = "Animated Mandelbrot.app"; sourceTree = BUILT_PRODUCTS_DIR; };
		FC0F31D90F705EBD00EC65BB /* Mandelbrot Set.icns */ = {isa = PBXFileReference; lastKnownFileType = image.icns; path = "Mandelbrot Set.icns"; sourceTree = "<group>"; };
		FC103D030F467C6200C2CBCF /* AppController.h */ = {isa = PBXFileReference; fileEncoding = 4; lastKnownFileType = sourcecode.c.h; path = AppController.h; sourceTree = "<group>"; };
		FC103E190F46887500C2CBCF /* Progress.xib */ = {isa = PBXFileReference; lastKnownFileType = file.xib; path = Progress.xib; sourceTree = "<group>"; };
		FC103E200F468A3500C2CBCF /* ProgressController.h */ = {isa = PBXFileReference; fileEncoding = 4; lastKnownFileType = sourcecode.c.h; path = ProgressController.h; sourceTree = "<group>"; };
		FC103E210F468A3500C2CBCF /* ProgressController.m */ = {isa = PBXFileReference; fileEncoding = 4; lastKnownFileType = sourcecode.c.objc; path = ProgressController.m; sourceTree = "<group>"; };
		FC1084BE0F71876D00FBC131 /* Controls.xib */ = {isa = PBXFileReference; lastKnownFileType = file.xib; path = Controls.xib; sourceTree = "<group>"; };
		FC1085140F718AAE00FBC131 /* ControlsController.h */ = {isa = PBXFileReference; fileEncoding = 4; lastKnownFileType = sourcecode.c.h; path = ControlsController.h; sourceTree = "<group>"; };
		FC1085150F718AAE00FBC131 /* ControlsController.m */ = {isa = PBXFileReference; fileEncoding = 4; lastKnownFileType = sourcecode.c.objc; path = ControlsController.m; sourceTree = "<group>"; };
		FC9BC8A20F6F7909005EFECE /* JSIndeterminateProgressIndicatorCell.m */ = {isa = PBXFileReference; fileEncoding = 4; lastKnownFileType = sourcecode.c.objc; path = JSIndeterminateProgressIndicatorCell.m; sourceTree = "<group>"; };
		FC9BC8A30F6F7909005EFECE /* JSIndeterminateProgressIndicatorCell.h */ = {isa = PBXFileReference; fileEncoding = 4; lastKnownFileType = sourcecode.c.h; path = JSIndeterminateProgressIndicatorCell.h; sourceTree = "<group>"; };
		FCD26ACD0F46780B0003F51B /* FractalMovie.h */ = {isa = PBXFileReference; fileEncoding = 4; lastKnownFileType = sourcecode.c.h; path = FractalMovie.h; sourceTree = "<group>"; };
		FCD26ACE0F46780B0003F51B /* FractalMovie.m */ = {isa = PBXFileReference; fileEncoding = 4; lastKnownFileType = sourcecode.c.objc; path = FractalMovie.m; sourceTree = "<group>"; };
/* End PBXFileReference section */

/* Begin PBXFrameworksBuildPhase section */
		8D11072E0486CEB800E47090 /* Frameworks */ = {
			isa = PBXFrameworksBuildPhase;
			buildActionMask = 2147483647;
			files = (
				8D11072F0486CEB800E47090 /* Cocoa.framework in Frameworks */,
				7C3683960F3F7B82009A7B53 /* QTKit.framework in Frameworks */,
				7C3683C50F3F7F92009A7B53 /* QuickTime.framework in Frameworks */,
			);
			runOnlyForDeploymentPostprocessing = 0;
		};
/* End PBXFrameworksBuildPhase section */

/* Begin PBXGroup section */
		080E96DDFE201D6D7F000001 /* Classes */ = {
			isa = PBXGroup;
			children = (
				FC9BC89D0F6F78F5005EFECE /* JSIndeterminateProgressIndicatorCell */,
				FC103D030F467C6200C2CBCF /* AppController.h */,
				7C9EA6640F3E9F430039BBD3 /* AppController.m */,
				7C9EA6760F3EA0810039BBD3 /* FractalView.h */,
				7C9EA6770F3EA0810039BBD3 /* FractalView.m */,
				FCD26ACD0F46780B0003F51B /* FractalMovie.h */,
				FCD26ACE0F46780B0003F51B /* FractalMovie.m */,
				7C9EA67A0F3EA1B50039BBD3 /* Mandelbrot.h */,
				7C9EA67B0F3EA1B50039BBD3 /* Mandelbrot.m */,
				FC103E200F468A3500C2CBCF /* ProgressController.h */,
				FC103E210F468A3500C2CBCF /* ProgressController.m */,
				FC1085140F718AAE00FBC131 /* ControlsController.h */,
				FC1085150F718AAE00FBC131 /* ControlsController.m */,
			);
			name = Classes;
			sourceTree = "<group>";
		};
		1058C7A0FEA54F0111CA2CBB /* Linked Frameworks */ = {
			isa = PBXGroup;
			children = (
				7C3683C40F3F7F92009A7B53 /* QuickTime.framework */,
				7C3683950F3F7B82009A7B53 /* QTKit.framework */,
				1058C7A1FEA54F0111CA2CBB /* Cocoa.framework */,
			);
			name = "Linked Frameworks";
			sourceTree = "<group>";
		};
		1058C7A2FEA54F0111CA2CBB /* Other Frameworks */ = {
			isa = PBXGroup;
			children = (
				29B97324FDCFA39411CA2CEA /* AppKit.framework */,
				13E42FB307B3F0F600E4EEF1 /* CoreData.framework */,
				29B97325FDCFA39411CA2CEA /* Foundation.framework */,
			);
			name = "Other Frameworks";
			sourceTree = "<group>";
		};
		19C28FACFE9D520D11CA2CBB /* Products */ = {
			isa = PBXGroup;
			children = (
				8D1107320486CEB800E47090 /* Animated Mandelbrot.app */,
			);
			name = Products;
			sourceTree = "<group>";
		};
		29B97314FDCFA39411CA2CEA /* Animated Mandelbrot */ = {
			isa = PBXGroup;
			children = (
				080E96DDFE201D6D7F000001 /* Classes */,
				29B97317FDCFA39411CA2CEA /* Resources */,
				29B97323FDCFA39411CA2CEA /* Frameworks */,
				29B97315FDCFA39411CA2CEA /* Other Sources */,
				19C28FACFE9D520D11CA2CBB /* Products */,
			);
			name = "Animated Mandelbrot";
			sourceTree = "<group>";
		};
		29B97315FDCFA39411CA2CEA /* Other Sources */ = {
			isa = PBXGroup;
			children = (
				32CA4F630368D1EE00C91783 /* Animated Mandelbrot_Prefix.pch */,
				29B97316FDCFA39411CA2CEA /* main.m */,
			);
			name = "Other Sources";
			sourceTree = "<group>";
		};
		29B97317FDCFA39411CA2CEA /* Resources */ = {
			isa = PBXGroup;
			children = (
				FC0F31D90F705EBD00EC65BB /* Mandelbrot Set.icns */,
				8D1107310486CEB800E47090 /* Info.plist */,
				089C165CFE840E0CC02AAC07 /* InfoPlist.strings */,
				1DDD58140DA1D0A300B32029 /* MainMenu.xib */,
				FC103E190F46887500C2CBCF /* Progress.xib */,
				FC1084BE0F71876D00FBC131 /* Controls.xib */,
			);
			name = Resources;
			sourceTree = "<group>";
		};
		29B97323FDCFA39411CA2CEA /* Frameworks */ = {
			isa = PBXGroup;
			children = (
				1058C7A0FEA54F0111CA2CBB /* Linked Frameworks */,
				1058C7A2FEA54F0111CA2CBB /* Other Frameworks */,
			);
			name = Frameworks;
			sourceTree = "<group>";
		};
		FC9BC89D0F6F78F5005EFECE /* JSIndeterminateProgressIndicatorCell */ = {
			isa = PBXGroup;
			children = (
				FC9BC8A30F6F7909005EFECE /* JSIndeterminateProgressIndicatorCell.h */,
				FC9BC8A20F6F7909005EFECE /* JSIndeterminateProgressIndicatorCell.m */,
			);
			name = JSIndeterminateProgressIndicatorCell;
			sourceTree = "<group>";
		};
/* End PBXGroup section */

/* Begin PBXNativeTarget section */
		8D1107260486CEB800E47090 /* Animated Mandelbrot */ = {
			isa = PBXNativeTarget;
			buildConfigurationList = C01FCF4A08A954540054247B /* Build configuration list for PBXNativeTarget "Animated Mandelbrot" */;
			buildPhases = (
				8D1107290486CEB800E47090 /* Resources */,
				8D11072C0486CEB800E47090 /* Sources */,
				8D11072E0486CEB800E47090 /* Frameworks */,
			);
			buildRules = (
			);
			dependencies = (
			);
			name = "Animated Mandelbrot";
			productInstallPath = "$(HOME)/Applications";
			productName = "Animated Mandelbrot";
			productReference = 8D1107320486CEB800E47090 /* Animated Mandelbrot.app */;
			productType = "com.apple.product-type.application";
		};
/* End PBXNativeTarget section */

/* Begin PBXProject section */
		29B97313FDCFA39411CA2CEA /* Project object */ = {
			isa = PBXProject;
			buildConfigurationList = C01FCF4E08A954540054247B /* Build configuration list for PBXProject "Animated Mandelbrot" */;
			compatibilityVersion = "Xcode 3.1";
			hasScannedForEncodings = 1;
			mainGroup = 29B97314FDCFA39411CA2CEA /* Animated Mandelbrot */;
			projectDirPath = "";
			projectRoot = "";
			targets = (
				8D1107260486CEB800E47090 /* Animated Mandelbrot */,
			);
		};
/* End PBXProject section */

/* Begin PBXResourcesBuildPhase section */
		8D1107290486CEB800E47090 /* Resources */ = {
			isa = PBXResourcesBuildPhase;
			buildActionMask = 2147483647;
			files = (
				8D11072B0486CEB800E47090 /* InfoPlist.strings in Resources */,
				1DDD58160DA1D0A300B32029 /* MainMenu.xib in Resources */,
				FC103E1A0F46887500C2CBCF /* Progress.xib in Resources */,
				FC0F31DA0F705EBD00EC65BB /* Mandelbrot Set.icns in Resources */,
				FC1084BF0F71876D00FBC131 /* Controls.xib in Resources */,
			);
			runOnlyForDeploymentPostprocessing = 0;
		};
/* End PBXResourcesBuildPhase section */

/* Begin PBXSourcesBuildPhase section */
		8D11072C0486CEB800E47090 /* Sources */ = {
			isa = PBXSourcesBuildPhase;
			buildActionMask = 2147483647;
			files = (
				8D11072D0486CEB800E47090 /* main.m in Sources */,
				7C9EA6650F3E9F430039BBD3 /* AppController.m in Sources */,
				7C9EA6780F3EA0810039BBD3 /* FractalView.m in Sources */,
				7C9EA67C0F3EA1B50039BBD3 /* Mandelbrot.m in Sources */,
				FCD26ACF0F46780B0003F51B /* FractalMovie.m in Sources */,
				FC103E220F468A3500C2CBCF /* ProgressController.m in Sources */,
				FC9BC8A40F6F7909005EFECE /* JSIndeterminateProgressIndicatorCell.m in Sources */,
				FC1085160F718AAE00FBC131 /* ControlsController.m in Sources */,
			);
			runOnlyForDeploymentPostprocessing = 0;
		};
/* End PBXSourcesBuildPhase section */

/* Begin PBXVariantGroup section */
		089C165CFE840E0CC02AAC07 /* InfoPlist.strings */ = {
			isa = PBXVariantGroup;
			children = (
				089C165DFE840E0CC02AAC07 /* English */,
			);
			name = InfoPlist.strings;
			sourceTree = "<group>";
		};
		1DDD58140DA1D0A300B32029 /* MainMenu.xib */ = {
			isa = PBXVariantGroup;
			children = (
				1DDD58150DA1D0A300B32029 /* English */,
			);
			name = MainMenu.xib;
			sourceTree = "<group>";
		};
/* End PBXVariantGroup section */

/* Begin XCBuildConfiguration section */
		C01FCF4B08A954540054247B /* Debug */ = {
			isa = XCBuildConfiguration;
			buildSettings = {
				ALWAYS_SEARCH_USER_PATHS = NO;
				COPY_PHASE_STRIP = NO;
				GCC_DYNAMIC_NO_PIC = NO;
				GCC_ENABLE_FIX_AND_CONTINUE = YES;
				GCC_MODEL_TUNING = G5;
				GCC_OPTIMIZATION_LEVEL = 0;
				GCC_PRECOMPILE_PREFIX_HEADER = YES;
				GCC_PREFIX_HEADER = "Animated Mandelbrot_Prefix.pch";
				INFOPLIST_FILE = Info.plist;
				INSTALL_PATH = "$(HOME)/Applications";
				PRODUCT_NAME = "Animated Mandelbrot";
			};
			name = Debug;
		};
		C01FCF4C08A954540054247B /* Release */ = {
			isa = XCBuildConfiguration;
			buildSettings = {
				ALWAYS_SEARCH_USER_PATHS = NO;
				DEBUG_INFORMATION_FORMAT = "dwarf-with-dsym";
				GCC_MODEL_TUNING = G5;
				GCC_PRECOMPILE_PREFIX_HEADER = YES;
				GCC_PREFIX_HEADER = "Animated Mandelbrot_Prefix.pch";
				INFOPLIST_FILE = Info.plist;
				INSTALL_PATH = "$(HOME)/Applications";
				PRODUCT_NAME = "Animated Mandelbrot";
			};
			name = Release;
		};
		C01FCF4F08A954540054247B /* Debug */ = {
			isa = XCBuildConfiguration;
			buildSettings = {
				ARCHS = "$(NATIVE_ARCH)";
				GCC_C_LANGUAGE_STANDARD = c99;
				GCC_ENABLE_OBJC_GC = required;
				GCC_OPTIMIZATION_LEVEL = 0;
				GCC_PREPROCESSOR_DEFINITIONS = _DEBUG;
				GCC_WARN_ABOUT_RETURN_TYPE = YES;
				GCC_WARN_UNUSED_VARIABLE = YES;
				ONLY_ACTIVE_ARCH = NO;
				PREBINDING = NO;
				SDKROOT = macosx10.5;
				VALID_ARCHS = "i386 x86_64";
			};
			name = Debug;
		};
		C01FCF5008A954540054247B /* Release */ = {
			isa = XCBuildConfiguration;
			buildSettings = {
				ARCHS = "$(ARCHS_STANDARD_32_64_BIT)";
				GCC_C_LANGUAGE_STANDARD = c99;
				GCC_ENABLE_OBJC_GC = required;
				GCC_OPTIMIZATION_LEVEL = 3;
				GCC_PREPROCESSOR_DEFINITIONS = "";
				GCC_WARN_ABOUT_RETURN_TYPE = YES;
				GCC_WARN_UNUSED_VARIABLE = YES;
				ONLY_ACTIVE_ARCH = NO;
				PREBINDING = NO;
				SDKROOT = macosx10.5;
				VALID_ARCHS = "i386 x86_64";
			};
			name = Release;
		};
/* End XCBuildConfiguration section */

/* Begin XCConfigurationList section */
		C01FCF4A08A954540054247B /* Build configuration list for PBXNativeTarget "Animated Mandelbrot" */ = {
			isa = XCConfigurationList;
			buildConfigurations = (
				C01FCF4B08A954540054247B /* Debug */,
				C01FCF4C08A954540054247B /* Release */,
			);
			defaultConfigurationIsVisible = 0;
			defaultConfigurationName = Release;
		};
		C01FCF4E08A954540054247B /* Build configuration list for PBXProject "Animated Mandelbrot" */ = {
			isa = XCConfigurationList;
			buildConfigurations = (
				C01FCF4F08A954540054247B /* Debug */,
				C01FCF5008A954540054247B /* Release */,
			);
			defaultConfigurationIsVisible = 0;
			defaultConfigurationName = Release;
		};
/* End XCConfigurationList section */
	};
	rootObject = 29B97313FDCFA39411CA2CEA /* Project object */;
}
